
Microsoft Visual Studio Solution File, Format Version 12.00
# Visual Studio Version 17
VisualStudioVersion = 17.8.34322.80
MinimumVisualStudioVersion = 10.0.40219.1
Project("{FAE04EC0-301F-11D3-BF4B-00C04F79EFBC}") = "Client", "Transmission control protocol\Client.csproj", "{615E192B-1620-4ACD-B1D8-7E55733CE37D}"
EndProject
Project("{FAE04EC0-301F-11D3-BF4B-00C04F79EFBC}") = "Server", "Server\Server.csproj", "{E5696869-C90F-4BD6-BEA2-A2522779EA8E}"
EndProject
Global
	GlobalSection(SolutionConfigurationPlatforms) = preSolution
		Debug|Any CPU = Debug|Any CPU
		Release|Any CPU = Release|Any CPU
	EndGlobalSection
	GlobalSection(ProjectConfigurationPlatforms) = postSolution
		{615E192B-1620-4ACD-B1D8-7E55733CE37D}.Debug|Any CPU.ActiveCfg = Debug|Any CPU
		{615E192B-1620-4ACD-B1D8-7E55733CE37D}.Debug|Any CPU.Build.0 = Debug|Any CPU
		{615E192B-1620-4ACD-B1D8-7E55733CE37D}.Release|Any CPU.ActiveCfg = Release|Any CPU
		{615E192B-1620-4ACD-B1D8-7E55733CE37D}.Release|Any CPU.Build.0 = Release|Any CPU
		{E5696869-C90F-4BD6-BEA2-A2522779EA8E}.Debug|Any CPU.ActiveCfg = Debug|Any CPU
		{E5696869-C90F-4BD6-BEA2-A2522779EA8E}.Debug|Any CPU.Build.0 = Debug|Any CPU
		{E5696869-C90F-4BD6-BEA2-A2522779EA8E}.Release|Any CPU.ActiveCfg = Release|Any CPU
		{E5696869-C90F-4BD6-BEA2-A2522779EA8E}.Release|Any CPU.Build.0 = Release|Any CPU
	EndGlobalSection
	GlobalSection(SolutionProperties) = preSolution
		HideSolutionNode = FALSE
	EndGlobalSection
	GlobalSection(ExtensibilityGlobals) = postSolution
		SolutionGuid = {10F7F5C3-41FB-44B0-97BD-7015D2E357DB}
	EndGlobalSection
EndGlobal
